
Microsoft Visual Studio Solution File, Format Version 12.00
# Visual Studio Version 17
VisualStudioVersion = 17.13.35919.96
MinimumVisualStudioVersion = 10.0.40219.1
Project("{2150E333-8FDC-42A3-9474-1A3956D46DE8}") = "src", "src", "{C8B20543-BF58-4BE4-A4D5-B8C5B2768706}"
EndProject
Project("{FAE04EC0-301F-11D3-BF4B-00C04F79EFBC}") = "AgentCommunicationProtocol", "src\AgentCommunicationProtocol\AgentCommunicationProtocol.csproj", "{DD77078D-0601-4D64-B5F1-54FB7793AB16}"
EndProject
Global
	GlobalSection(SolutionConfigurationPlatforms) = preSolution
		Debug|Any CPU = Debug|Any CPU
		Release|Any CPU = Release|Any CPU
	EndGlobalSection
	GlobalSection(ProjectConfigurationPlatforms) = postSolution
		{DD77078D-0601-4D64-B5F1-54FB7793AB16}.Debug|Any CPU.ActiveCfg = Debug|Any CPU
		{DD77078D-0601-4D64-B5F1-54FB7793AB16}.Debug|Any CPU.Build.0 = Debug|Any CPU
		{DD77078D-0601-4D64-B5F1-54FB7793AB16}.Release|Any CPU.ActiveCfg = Release|Any CPU
		{DD77078D-0601-4D64-B5F1-54FB7793AB16}.Release|Any CPU.Build.0 = Release|Any CPU
	EndGlobalSection
	GlobalSection(SolutionProperties) = preSolution
		HideSolutionNode = FALSE
	EndGlobalSection
	GlobalSection(NestedProjects) = preSolution
		{DD77078D-0601-4D64-B5F1-54FB7793AB16} = {C8B20543-BF58-4BE4-A4D5-B8C5B2768706}
	EndGlobalSection
EndGlobal
